
Microsoft Visual Studio Solution File, Format Version 12.00
# Visual Studio Version 17
VisualStudioVersion = 17.7.34031.279
MinimumVisualStudioVersion = 10.0.40219.1
Project("{FAE04EC0-301F-11D3-BF4B-00C04F79EFBC}") = "PeriodicTableLearner", "PeriodicTableLearner.csproj", "{47239084-595B-4CEB-A902-B6C753558251}"
EndProject
Global
	GlobalSection(SolutionConfigurationPlatforms) = preSolution
		Debug|Any CPU = Debug|Any CPU
		Release|Any CPU = Release|Any CPU
	EndGlobalSection
	GlobalSection(ProjectConfigurationPlatforms) = postSolution
		{47239084-595B-4CEB-A902-B6C753558251}.Debug|Any CPU.ActiveCfg = Debug|Any CPU
		{47239084-595B-4CEB-A902-B6C753558251}.Debug|Any CPU.Build.0 = Debug|Any CPU
		{47239084-595B-4CEB-A902-B6C753558251}.Release|Any CPU.ActiveCfg = Release|Any CPU
		{47239084-595B-4CEB-A902-B6C753558251}.Release|Any CPU.Build.0 = Release|Any CPU
	EndGlobalSection
	GlobalSection(SolutionProperties) = preSolution
		HideSolutionNode = FALSE
	EndGlobalSection
	GlobalSection(ExtensibilityGlobals) = postSolution
		SolutionGuid = {C097ADCD-C069-4B43-9DA4-D664B8085B6E}
	EndGlobalSection
EndGlobal
